{
  "name": "nativescript-bluetooth",
  "version": "2.0.0",
  "lockfileVersion": 1,
  "requires": true,
  "dependencies": {
    "p-queue": {
      "version": "3.0.0",
      "resolved": "https://registry.npmjs.org/p-queue/-/p-queue-3.0.0.tgz",
      "integrity": "sha512-2tv/MRmPXfmfnjLLJAHl+DdU8p2DhZafAnlpm/C/T5BpF5L9wKz5tMin4A4N2zVpJL2YMhPlRmtO7s5EtNrjfA=="
    }
  }
}
